{
	"name": "interior-flow-3d",
	"lockfileVersion": 3,
	"requires": true,
	"packages": {
		"": {
			"dependencies": {
				"@base-ui/react": "^1.4.1",
				"class-variance-authority": "^0.7.1",
				"framer-motion": "^12.38.0",
				"gltf-validator": "^2.0.0-dev.3.10",
				"lucide-react": "^1.14.0",
				"next-themes": "^0.4.6"
			}
		},
		"node_modules/@babel/runtime": {
			"version": "7.29.2",
			"resolved": "https://registry.npmjs.org/@babel/runtime/-/runtime-7.29.2.tgz",
			"integrity": "sha512-JiDShH45zKHWyGe4ZNVRrCjBz8Nh9TMmZG1kh4QTK8hCBTWBi8Da+i7s1fJw7/lYpM4ccepSNfqzZ/QvABBi5g==",
			"license": "MIT",
			"engines": {
				"node": ">=6.9.0"
			}
		},
		"node_modules/@base-ui/react": {
			"version": "1.4.1",
			"resolved": "https://registry.npmjs.org/@base-ui/react/-/react-1.4.1.tgz",
			"integrity": "sha512-Ab5/LIhcmL8BQcsBUYiOfkSDRdLpvgUBzMK30cu684JPcLclYlztharvCZyNNgzJtbAiREzI9q0pI5erHCMgCw==",
			"license": "MIT",
			"dependencies": {
				"@babel/runtime": "^7.29.2",
				"@base-ui/utils": "0.2.8",
				"@floating-ui/react-dom": "^2.1.8",
				"@floating-ui/utils": "^0.2.11",
				"use-sync-external-store": "^1.6.0"
			},
			"engines": {
				"node": ">=14.0.0"
			},
			"funding": {
				"type": "opencollective",
				"url": "https://opencollective.com/mui-org"
			},
			"peerDependencies": {
				"@date-fns/tz": "^1.2.0",
				"@types/react": "^17 || ^18 || ^19",
				"date-fns": "^4.0.0",
				"react": "^17 || ^18 || ^19",
				"react-dom": "^17 || ^18 || ^19"
			},
			"peerDependenciesMeta": {
				"@date-fns/tz": {
					"optional": true
				},
				"@types/react": {
					"optional": true
				},
				"date-fns": {
					"optional": true
				}
			}
		},
		"node_modules/@base-ui/utils": {
			"version": "0.2.8",
			"resolved": "https://registry.npmjs.org/@base-ui/utils/-/utils-0.2.8.tgz",
			"integrity": "sha512-jvOi+c+ftGlGotNcKnzPVg2IhCaDTB6/6R3JeqdjdXktuAJi3wKH9T7+svuaKh1mmfVU11UWzUZVH74JDfi/wQ==",
			"license": "MIT",
			"dependencies": {
				"@babel/runtime": "^7.29.2",
				"@floating-ui/utils": "^0.2.11",
				"reselect": "^5.1.1",
				"use-sync-external-store": "^1.6.0"
			},
			"peerDependencies": {
				"@types/react": "^17 || ^18 || ^19",
				"react": "^17 || ^18 || ^19",
				"react-dom": "^17 || ^18 || ^19"
			},
			"peerDependenciesMeta": {
				"@types/react": {
					"optional": true
				}
			}
		},
		"node_modules/@floating-ui/core": {
			"version": "1.7.5",
			"resolved": "https://registry.npmjs.org/@floating-ui/core/-/core-1.7.5.tgz",
			"integrity": "sha512-1Ih4WTWyw0+lKyFMcBHGbb5U5FtuHJuujoyyr5zTaWS5EYMeT6Jb2AuDeftsCsEuchO+mM2ij5+q9crhydzLhQ==",
			"license": "MIT",
			"dependencies": {
				"@floating-ui/utils": "^0.2.11"
			}
		},
		"node_modules/@floating-ui/dom": {
			"version": "1.7.6",
			"resolved": "https://registry.npmjs.org/@floating-ui/dom/-/dom-1.7.6.tgz",
			"integrity": "sha512-9gZSAI5XM36880PPMm//9dfiEngYoC6Am2izES1FF406YFsjvyBMmeJ2g4SAju3xWwtuynNRFL2s9hgxpLI5SQ==",
			"license": "MIT",
			"dependencies": {
				"@floating-ui/core": "^1.7.5",
				"@floating-ui/utils": "^0.2.11"
			}
		},
		"node_modules/@floating-ui/react-dom": {
			"version": "2.1.8",
			"resolved": "https://registry.npmjs.org/@floating-ui/react-dom/-/react-dom-2.1.8.tgz",
			"integrity": "sha512-cC52bHwM/n/CxS87FH0yWdngEZrjdtLW/qVruo68qg+prK7ZQ4YGdut2GyDVpoGeAYe/h899rVeOVm6Oi40k2A==",
			"license": "MIT",
			"dependencies": {
				"@floating-ui/dom": "^1.7.6"
			},
			"peerDependencies": {
				"react": ">=16.8.0",
				"react-dom": ">=16.8.0"
			}
		},
		"node_modules/@floating-ui/utils": {
			"version": "0.2.11",
			"resolved": "https://registry.npmjs.org/@floating-ui/utils/-/utils-0.2.11.tgz",
			"integrity": "sha512-RiB/yIh78pcIxl6lLMG0CgBXAZ2Y0eVHqMPYugu+9U0AeT6YBeiJpf7lbdJNIugFP5SIjwNRgo4DhR1Qxi26Gg==",
			"license": "MIT"
		},
		"node_modules/class-variance-authority": {
			"version": "0.7.1",
			"resolved": "https://registry.npmjs.org/class-variance-authority/-/class-variance-authority-0.7.1.tgz",
			"integrity": "sha512-Ka+9Trutv7G8M6WT6SeiRWz792K5qEqIGEGzXKhAE6xOWAY6pPH8U+9IY3oCMv6kqTmLsv7Xh/2w2RigkePMsg==",
			"license": "Apache-2.0",
			"dependencies": {
				"clsx": "^2.1.1"
			},
			"funding": {
				"url": "https://polar.sh/cva"
			}
		},
		"node_modules/clsx": {
			"version": "2.1.1",
			"resolved": "https://registry.npmjs.org/clsx/-/clsx-2.1.1.tgz",
			"integrity": "sha512-eYm0QWBtUrBWZWG0d386OGAw16Z995PiOVo2B7bjWSbHedGl5e0ZWaq65kOGgUSNesEIDkB9ISbTg/JK9dhCZA==",
			"license": "MIT",
			"engines": {
				"node": ">=6"
			}
		},
		"node_modules/framer-motion": {
			"version": "12.38.0",
			"resolved": "https://registry.npmjs.org/framer-motion/-/framer-motion-12.38.0.tgz",
			"integrity": "sha512-rFYkY/pigbcswl1XQSb7q424kSTQ8q6eAC+YUsSKooHQYuLdzdHjrt6uxUC+PRAO++q5IS7+TamgIw1AphxR+g==",
			"license": "MIT",
			"dependencies": {
				"motion-dom": "^12.38.0",
				"motion-utils": "^12.36.0",
				"tslib": "^2.4.0"
			},
			"peerDependencies": {
				"@emotion/is-prop-valid": "*",
				"react": "^18.0.0 || ^19.0.0",
				"react-dom": "^18.0.0 || ^19.0.0"
			},
			"peerDependenciesMeta": {
				"@emotion/is-prop-valid": {
					"optional": true
				},
				"react": {
					"optional": true
				},
				"react-dom": {
					"optional": true
				}
			}
		},
		"node_modules/gltf-validator": {
			"version": "2.0.0-dev.3.10",
			"resolved": "https://registry.npmjs.org/gltf-validator/-/gltf-validator-2.0.0-dev.3.10.tgz",
			"integrity": "sha512-odJ4k0tRkGXiDGn78yDBg+fBbAIvBnXxh3RwAta0emSxGtyagFE8B4xELB1oYe3S5RD8Ci3uZAsZaascH2LAEQ==",
			"license": "Apache-2.0"
		},
		"node_modules/lucide-react": {
			"version": "1.14.0",
			"resolved": "https://registry.npmjs.org/lucide-react/-/lucide-react-1.14.0.tgz",
			"integrity": "sha512-+1mdWcfSJVUsaTIjN9zoezmUhfXo5l0vP7ekBMPo3jcS/aIkxHnXqAPsByszMZx/Y8oQBRJxJx5xg+RH3urzxA==",
			"license": "ISC",
			"peerDependencies": {
				"react": "^16.5.1 || ^17.0.0 || ^18.0.0 || ^19.0.0"
			}
		},
		"node_modules/motion-dom": {
			"version": "12.38.0",
			"resolved": "https://registry.npmjs.org/motion-dom/-/motion-dom-12.38.0.tgz",
			"integrity": "sha512-pdkHLD8QYRp8VfiNLb8xIBJis1byQ9gPT3Jnh2jqfFtAsWUA3dEepDlsWe/xMpO8McV+VdpKVcp+E+TGJEtOoA==",
			"license": "MIT",
			"dependencies": {
				"motion-utils": "^12.36.0"
			}
		},
		"node_modules/motion-utils": {
			"version": "12.36.0",
			"resolved": "https://registry.npmjs.org/motion-utils/-/motion-utils-12.36.0.tgz",
			"integrity": "sha512-eHWisygbiwVvf6PZ1vhaHCLamvkSbPIeAYxWUuL3a2PD/TROgE7FvfHWTIH4vMl798QLfMw15nRqIaRDXTlYRg==",
			"license": "MIT"
		},
		"node_modules/next-themes": {
			"version": "0.4.6",
			"resolved": "https://registry.npmjs.org/next-themes/-/next-themes-0.4.6.tgz",
			"integrity": "sha512-pZvgD5L0IEvX5/9GWyHMf3m8BKiVQwsCMHfoFosXtXBMnaS0ZnIJ9ST4b4NqLVKDEm8QBxoNNGNaBv2JNF6XNA==",
			"license": "MIT",
			"peerDependencies": {
				"react": "^16.8 || ^17 || ^18 || ^19 || ^19.0.0-rc",
				"react-dom": "^16.8 || ^17 || ^18 || ^19 || ^19.0.0-rc"
			}
		},
		"node_modules/react": {
			"version": "19.2.5",
			"resolved": "https://registry.npmjs.org/react/-/react-19.2.5.tgz",
			"integrity": "sha512-llUJLzz1zTUBrskt2pwZgLq59AemifIftw4aB7JxOqf1HY2FDaGDxgwpAPVzHU1kdWabH7FauP4i1oEeer2WCA==",
			"license": "MIT",
			"peer": true,
			"engines": {
				"node": ">=0.10.0"
			}
		},
		"node_modules/react-dom": {
			"version": "19.2.5",
			"resolved": "https://registry.npmjs.org/react-dom/-/react-dom-19.2.5.tgz",
			"integrity": "sha512-J5bAZz+DXMMwW/wV3xzKke59Af6CHY7G4uYLN1OvBcKEsWOs4pQExj86BBKamxl/Ik5bx9whOrvBlSDfWzgSag==",
			"license": "MIT",
			"peer": true,
			"dependencies": {
				"scheduler": "^0.27.0"
			},
			"peerDependencies": {
				"react": "^19.2.5"
			}
		},
		"node_modules/reselect": {
			"version": "5.1.1",
			"resolved": "https://registry.npmjs.org/reselect/-/reselect-5.1.1.tgz",
			"integrity": "sha512-K/BG6eIky/SBpzfHZv/dd+9JBFiS4SWV7FIujVyJRux6e45+73RaUHXLmIR1f7WOMaQ0U1km6qwklRQxpJJY0w==",
			"license": "MIT"
		},
		"node_modules/scheduler": {
			"version": "0.27.0",
			"resolved": "https://registry.npmjs.org/scheduler/-/scheduler-0.27.0.tgz",
			"integrity": "sha512-eNv+WrVbKu1f3vbYJT/xtiF5syA5HPIMtf9IgY/nKg0sWqzAUEvqY/xm7OcZc/qafLx/iO9FgOmeSAp4v5ti/Q==",
			"license": "MIT",
			"peer": true
		},
		"node_modules/tslib": {
			"version": "2.8.1",
			"resolved": "https://registry.npmjs.org/tslib/-/tslib-2.8.1.tgz",
			"integrity": "sha512-oJFu94HQb+KVduSUQL7wnpmqnfmLsOA/nAh6b6EH0wCEoK0/mPeXU6c3wKDV83MkOuHPRHtSXKKU99IBazS/2w==",
			"license": "0BSD"
		},
		"node_modules/use-sync-external-store": {
			"version": "1.6.0",
			"resolved": "https://registry.npmjs.org/use-sync-external-store/-/use-sync-external-store-1.6.0.tgz",
			"integrity": "sha512-Pp6GSwGP/NrPIrxVFAIkOQeyw8lFenOHijQWkUTrDvrF4ALqylP2C/KCkeS9dpUM3KvYRQhna5vt7IL95+ZQ9w==",
			"license": "MIT",
			"peerDependencies": {
				"react": "^16.8.0 || ^17.0.0 || ^18.0.0 || ^19.0.0"
			}
		}
	}
}
